
Microsoft Visual Studio Solution File, Format Version 12.00
# Visual Studio Version 17
VisualStudioVersion = 17.13.35825.156 d17.13
MinimumVisualStudioVersion = 10.0.40219.1
Project("{FAE04EC0-301F-11D3-BF4B-00C04F79EFBC}") = "exercicio2", "exercicio2.csproj", "{962BE8E5-AB6D-4438-A8A1-C9763AE4682D}"
EndProject
Global
	GlobalSection(SolutionConfigurationPlatforms) = preSolution
		Debug|Any CPU = Debug|Any CPU
		Release|Any CPU = Release|Any CPU
	EndGlobalSection
	GlobalSection(ProjectConfigurationPlatforms) = postSolution
		{962BE8E5-AB6D-4438-A8A1-C9763AE4682D}.Debug|Any CPU.ActiveCfg = Debug|Any CPU
		{962BE8E5-AB6D-4438-A8A1-C9763AE4682D}.Debug|Any CPU.Build.0 = Debug|Any CPU
		{962BE8E5-AB6D-4438-A8A1-C9763AE4682D}.Release|Any CPU.ActiveCfg = Release|Any CPU
		{962BE8E5-AB6D-4438-A8A1-C9763AE4682D}.Release|Any CPU.Build.0 = Release|Any CPU
	EndGlobalSection
	GlobalSection(SolutionProperties) = preSolution
		HideSolutionNode = FALSE
	EndGlobalSection
	GlobalSection(ExtensibilityGlobals) = postSolution
		SolutionGuid = {5153933E-59AF-44EB-8765-BB44DC19CB75}
	EndGlobalSection
EndGlobal
