
Microsoft Visual Studio Solution File, Format Version 12.00
# Visual Studio Version 17
VisualStudioVersion = 17.13.35825.156 d17.13
MinimumVisualStudioVersion = 10.0.40219.1
Project("{FAE04EC0-301F-11D3-BF4B-00C04F79EFBC}") = "exercicio5", "exercicio5.csproj", "{389FBF03-382E-4D01-AA0E-A651BEF1965B}"
EndProject
Global
	GlobalSection(SolutionConfigurationPlatforms) = preSolution
		Debug|Any CPU = Debug|Any CPU
		Release|Any CPU = Release|Any CPU
	EndGlobalSection
	GlobalSection(ProjectConfigurationPlatforms) = postSolution
		{389FBF03-382E-4D01-AA0E-A651BEF1965B}.Debug|Any CPU.ActiveCfg = Debug|Any CPU
		{389FBF03-382E-4D01-AA0E-A651BEF1965B}.Debug|Any CPU.Build.0 = Debug|Any CPU
		{389FBF03-382E-4D01-AA0E-A651BEF1965B}.Release|Any CPU.ActiveCfg = Release|Any CPU
		{389FBF03-382E-4D01-AA0E-A651BEF1965B}.Release|Any CPU.Build.0 = Release|Any CPU
	EndGlobalSection
	GlobalSection(SolutionProperties) = preSolution
		HideSolutionNode = FALSE
	EndGlobalSection
	GlobalSection(ExtensibilityGlobals) = postSolution
		SolutionGuid = {1DBE7E73-403C-4BD0-AA62-893AC86C2FF3}
	EndGlobalSection
EndGlobal
